
Microsoft Visual Studio Solution File, Format Version 12.00
# Visual Studio Version 17
VisualStudioVersion = 17.5.002.0
MinimumVisualStudioVersion = 10.0.40219.1
Project("{9A19103F-16F7-4668-BE54-9A1E7A4F7556}") = "Aula treino", "Aula treino.csproj", "{7586C077-DAD8-4E58-95B5-B17E948AF788}"
EndProject
Global
	GlobalSection(SolutionConfigurationPlatforms) = preSolution
		Debug|Any CPU = Debug|Any CPU
		Release|Any CPU = Release|Any CPU
	EndGlobalSection
	GlobalSection(ProjectConfigurationPlatforms) = postSolution
		{7586C077-DAD8-4E58-95B5-B17E948AF788}.Debug|Any CPU.ActiveCfg = Debug|Any CPU
		{7586C077-DAD8-4E58-95B5-B17E948AF788}.Debug|Any CPU.Build.0 = Debug|Any CPU
		{7586C077-DAD8-4E58-95B5-B17E948AF788}.Release|Any CPU.ActiveCfg = Release|Any CPU
		{7586C077-DAD8-4E58-95B5-B17E948AF788}.Release|Any CPU.Build.0 = Release|Any CPU
	EndGlobalSection
	GlobalSection(SolutionProperties) = preSolution
		HideSolutionNode = FALSE
	EndGlobalSection
	GlobalSection(ExtensibilityGlobals) = postSolution
		SolutionGuid = {100030BB-17A0-4D97-BCC1-680D5C1CBEE5}
	EndGlobalSection
EndGlobal
