
Microsoft Visual Studio Solution File, Format Version 12.00
# Visual Studio Version 17
VisualStudioVersion = 17.5.002.0
MinimumVisualStudioVersion = 10.0.40219.1
Project("{9A19103F-16F7-4668-BE54-9A1E7A4F7556}") = "Exercicio5", "Exercicio5.csproj", "{2275D9DB-10CD-465F-8216-9954576F8FB1}"
EndProject
Global
	GlobalSection(SolutionConfigurationPlatforms) = preSolution
		Debug|Any CPU = Debug|Any CPU
		Release|Any CPU = Release|Any CPU
	EndGlobalSection
	GlobalSection(ProjectConfigurationPlatforms) = postSolution
		{2275D9DB-10CD-465F-8216-9954576F8FB1}.Debug|Any CPU.ActiveCfg = Debug|Any CPU
		{2275D9DB-10CD-465F-8216-9954576F8FB1}.Debug|Any CPU.Build.0 = Debug|Any CPU
		{2275D9DB-10CD-465F-8216-9954576F8FB1}.Release|Any CPU.ActiveCfg = Release|Any CPU
		{2275D9DB-10CD-465F-8216-9954576F8FB1}.Release|Any CPU.Build.0 = Release|Any CPU
	EndGlobalSection
	GlobalSection(SolutionProperties) = preSolution
		HideSolutionNode = FALSE
	EndGlobalSection
	GlobalSection(ExtensibilityGlobals) = postSolution
		SolutionGuid = {00E69154-713E-416F-AD5A-C62A58E644F8}
	EndGlobalSection
EndGlobal
