
Microsoft Visual Studio Solution File, Format Version 12.00
# Visual Studio Version 17
VisualStudioVersion = 17.5.002.0
MinimumVisualStudioVersion = 10.0.40219.1
Project("{9A19103F-16F7-4668-BE54-9A1E7A4F7556}") = "Exercicio2", "Exercicio2.csproj", "{274FEE58-FE44-4DA5-8353-B4FC20021DC0}"
EndProject
Global
	GlobalSection(SolutionConfigurationPlatforms) = preSolution
		Debug|Any CPU = Debug|Any CPU
		Release|Any CPU = Release|Any CPU
	EndGlobalSection
	GlobalSection(ProjectConfigurationPlatforms) = postSolution
		{274FEE58-FE44-4DA5-8353-B4FC20021DC0}.Debug|Any CPU.ActiveCfg = Debug|Any CPU
		{274FEE58-FE44-4DA5-8353-B4FC20021DC0}.Debug|Any CPU.Build.0 = Debug|Any CPU
		{274FEE58-FE44-4DA5-8353-B4FC20021DC0}.Release|Any CPU.ActiveCfg = Release|Any CPU
		{274FEE58-FE44-4DA5-8353-B4FC20021DC0}.Release|Any CPU.Build.0 = Release|Any CPU
	EndGlobalSection
	GlobalSection(SolutionProperties) = preSolution
		HideSolutionNode = FALSE
	EndGlobalSection
	GlobalSection(ExtensibilityGlobals) = postSolution
		SolutionGuid = {DED0D16F-901E-4A28-98F6-BC3269E884EB}
	EndGlobalSection
EndGlobal
