
Microsoft Visual Studio Solution File, Format Version 12.00
# Visual Studio Version 17
VisualStudioVersion = 17.5.002.0
MinimumVisualStudioVersion = 10.0.40219.1
Project("{9A19103F-16F7-4668-BE54-9A1E7A4F7556}") = "Exercicio 6", "Exercicio 6.csproj", "{41A3D7AA-6357-4457-95FF-E46F435738D5}"
EndProject
Global
	GlobalSection(SolutionConfigurationPlatforms) = preSolution
		Debug|Any CPU = Debug|Any CPU
		Release|Any CPU = Release|Any CPU
	EndGlobalSection
	GlobalSection(ProjectConfigurationPlatforms) = postSolution
		{41A3D7AA-6357-4457-95FF-E46F435738D5}.Debug|Any CPU.ActiveCfg = Debug|Any CPU
		{41A3D7AA-6357-4457-95FF-E46F435738D5}.Debug|Any CPU.Build.0 = Debug|Any CPU
		{41A3D7AA-6357-4457-95FF-E46F435738D5}.Release|Any CPU.ActiveCfg = Release|Any CPU
		{41A3D7AA-6357-4457-95FF-E46F435738D5}.Release|Any CPU.Build.0 = Release|Any CPU
	EndGlobalSection
	GlobalSection(SolutionProperties) = preSolution
		HideSolutionNode = FALSE
	EndGlobalSection
	GlobalSection(ExtensibilityGlobals) = postSolution
		SolutionGuid = {631AE021-4016-48BA-A483-A69292F445D1}
	EndGlobalSection
EndGlobal
